
Microsoft Visual Studio Solution File, Format Version 12.00
# Visual Studio 15
VisualStudioVersion = 15.0.26730.16
MinimumVisualStudioVersion = 10.0.40219.1
Project("{9A19103F-16F7-4668-BE54-9A1E7A4F7556}") = "AcmeWidget", "AcmeWidget.csproj", "{1FBEA44C-0D5E-4A5D-8E1F-8131F9042665}"
EndProject
Global
	GlobalSection(SolutionConfigurationPlatforms) = preSolution
		Debug|Any CPU = Debug|Any CPU
		Release|Any CPU = Release|Any CPU
	EndGlobalSection
	GlobalSection(ProjectConfigurationPlatforms) = postSolution
		{1FBEA44C-0D5E-4A5D-8E1F-8131F9042665}.Debug|Any CPU.ActiveCfg = Debug|Any CPU
		{1FBEA44C-0D5E-4A5D-8E1F-8131F9042665}.Debug|Any CPU.Build.0 = Debug|Any CPU
		{1FBEA44C-0D5E-4A5D-8E1F-8131F9042665}.Release|Any CPU.ActiveCfg = Release|Any CPU
		{1FBEA44C-0D5E-4A5D-8E1F-8131F9042665}.Release|Any CPU.Build.0 = Release|Any CPU
	EndGlobalSection
	GlobalSection(SolutionProperties) = preSolution
		HideSolutionNode = FALSE
	EndGlobalSection
	GlobalSection(ExtensibilityGlobals) = postSolution
		SolutionGuid = {6A6918EB-13B6-463C-BC30-1080C9468740}
	EndGlobalSection
EndGlobal
